PODS:
  - mopub-ios-sdk (5.9.0):
    - mopub-ios-sdk/MoPubSDK (= 5.9.0)
  - mopub-ios-sdk/Avid (5.9.0):
    - mopub-ios-sdk/Core
  - mopub-ios-sdk/Core (5.9.0)
  - mopub-ios-sdk/Moat (5.9.0):
    - mopub-ios-sdk/Core
  - mopub-ios-sdk/MoPubSDK (5.9.0):
    - mopub-ios-sdk/Avid
    - mopub-ios-sdk/Core
    - mopub-ios-sdk/Moat
  - SuperAwesome/Full (7.0.0.1)
  - SuperAwesome/MoPub (7.0.0.1):
    - mopub-ios-sdk
    - SuperAwesome/Full

DEPENDENCIES:
  - SuperAwesome/Full (from `../`)
  - SuperAwesome/MoPub (from `../`)

SPEC REPOS:
  https://github.com/cocoapods/specs.git:
    - mopub-ios-sdk

EXTERNAL SOURCES:
  SuperAwesome:
    :path: "../"

SPEC CHECKSUMS:
  mopub-ios-sdk: 7a5d264dc92c3e6c791bdcd476a2602f71acf331
  SuperAwesome: b23ca1ff505074c4fd8dee7c105a76816af0f275

PODFILE CHECKSUM: 6b022d9b8ac460144cad2a8c26968d86da8d2927

COCOAPODS: 1.7.5
